# This file is automatically @generated by Cargo.
# It is not intended for manual editing.
version = 4

[[package]]
name = "anyhow"
version = "1.0.100"
source = "registry+https://github.com/rust-lang/crates.io-index"
checksum = "a23eb6b1614318a8071c9b2521f36b424b2c83db5eb3a0fead4a6c0809af6e61"

[[package]]
name = "hex"
version = "0.4.3"
source = "registry+https://github.com/rust-lang/crates.io-index"
checksum = "7f24254aa9a54b5c858eaee2f5bccdb46aaf0e486a595ed5fd8f86ba55232a70"

[[package]]
name = "itoa"
version = "1.0.15"
source = "registry+https://github.com/rust-lang/crates.io-index"
checksum = "4a5f13b858c8d314ee3e8f639011f7ccefe71f97f96e50151fb991f267928e2c"

[[package]]
name = "jade"
version = "0.0.12-patch-1"
dependencies = [
 "jade-derive",
 "serde-jam",
 "spacejam-service",
]

[[package]]
name = "jade-derive"
version = "0.0.12-patch-1"
dependencies = [
 "polkavm-derive-impl",
 "proc-macro2",
 "syn",
]

[[package]]
name = "memchr"
version = "2.7.5"
source = "registry+https://github.com/rust-lang/crates.io-index"
checksum = "32a282da65faaf38286cf3be983213fcf1d2e2a58700e808f83f4ea9a4804bc0"

[[package]]
name = "null-authorizer"
version = "0.0.12-patch-1"
dependencies = [
 "jade",
 "spacejam-service",
]

[[package]]
name = "polkavm-common"
version = "0.29.0"
source = "registry+https://github.com/rust-lang/crates.io-index"
checksum = "f634b46a6a47a5de381f56d1d8cced9f8640d063b2b1a44b0da6dbef91bbd400"

[[package]]
name = "polkavm-derive-impl"
version = "0.29.0"
source = "registry+https://github.com/rust-lang/crates.io-index"
checksum = "90751404f08622c8a671695605cfc1bd83ec091339bd3258a37acc7a931c8741"
dependencies = [
 "polkavm-common",
 "proc-macro2",
 "quote",
 "syn",
]

[[package]]
name = "proc-macro2"
version = "1.0.101"
source = "registry+https://github.com/rust-lang/crates.io-index"
checksum = "89ae43fd86e4158d6db51ad8e2b80f313af9cc74f5c0e03ccb87de09998732de"
dependencies = [
 "unicode-ident",
]

[[package]]
name = "quote"
version = "1.0.40"
source = "registry+https://github.com/rust-lang/crates.io-index"
checksum = "1885c039570dc00dcb4ff087a89e185fd56bae234ddc7f056a945bf36467248d"
dependencies = [
 "proc-macro2",
]

[[package]]
name = "ryu"
version = "1.0.20"
source = "registry+https://github.com/rust-lang/crates.io-index"
checksum = "28d3b2b1366ec20994f1fd18c3c594f05c5dd4bc44d8bb0c1c632c8d6829481f"

[[package]]
name = "serde"
version = "1.0.226"
source = "registry+https://github.com/rust-lang/crates.io-index"
checksum = "0dca6411025b24b60bfa7ec1fe1f8e710ac09782dca409ee8237ba74b51295fd"
dependencies = [
 "serde_core",
 "serde_derive",
]

[[package]]
name = "serde-jam"
version = "0.0.12"
source = "registry+https://github.com/rust-lang/crates.io-index"
checksum = "6ac13b7cc2475f731d77cc72c91bc926cd9dc67e3d908492df984c6fae0e3b0d"
dependencies = [
 "anyhow",
 "serde",
]

[[package]]
name = "serde_core"
version = "1.0.226"
source = "registry+https://github.com/rust-lang/crates.io-index"
checksum = "ba2ba63999edb9dac981fb34b3e5c0d111a69b0924e253ed29d83f7c99e966a4"
dependencies = [
 "serde_derive",
]

[[package]]
name = "serde_derive"
version = "1.0.226"
source = "registry+https://github.com/rust-lang/crates.io-index"
checksum = "8db53ae22f34573731bafa1db20f04027b2d25e02d8205921b569171699cdb33"
dependencies = [
 "proc-macro2",
 "quote",
 "syn",
]

[[package]]
name = "serde_json"
version = "1.0.145"
source = "registry+https://github.com/rust-lang/crates.io-index"
checksum = "402a6f66d8c709116cf22f558eab210f5a50187f702eb4d7e5ef38d9a7f1c79c"
dependencies = [
 "itoa",
 "memchr",
 "ryu",
 "serde",
 "serde_core",
]

[[package]]
name = "spacejam-service"
version = "0.0.12"
source = "registry+https://github.com/rust-lang/crates.io-index"
checksum = "eb75d9fe719d3a872c811c015e768afb340d7f89c6586e656cbe7c01ac04d1dc"
dependencies = [
 "anyhow",
 "hex",
 "serde",
 "serde-jam",
 "serde_json",
 "spacejson",
]

[[package]]
name = "spacejson"
version = "0.0.12"
source = "registry+https://github.com/rust-lang/crates.io-index"
checksum = "2e016958046f21d2140f854cdf53004d39279632912b53a58a6aaa08c61d3418"
dependencies = [
 "anyhow",
 "hex",
 "serde",
 "spacejson-derive",
]

[[package]]
name = "spacejson-derive"
version = "0.0.12"
source = "registry+https://github.com/rust-lang/crates.io-index"
checksum = "d7662cd94f86758314c788928c40b1509751afde91483a887149ddb4b8100f0a"
dependencies = [
 "proc-macro2",
 "quote",
 "syn",
]

[[package]]
name = "spacevm-sys"
version = "0.0.12-patch-1"
dependencies = [
 "anyhow",
 "serde-jam",
 "spacejam-service",
]

[[package]]
name = "syn"
version = "2.0.106"
source = "registry+https://github.com/rust-lang/crates.io-index"
checksum = "ede7c438028d4436d71104916910f5bb611972c5cfd7f89b8300a8186e6fada6"
dependencies = [
 "proc-macro2",
 "quote",
 "unicode-ident",
]

[[package]]
name = "unicode-ident"
version = "1.0.18"
source = "registry+https://github.com/rust-lang/crates.io-index"
checksum = "5a5f39404a5da50712a4c1eecf25e90dd62b613502b7e925fd4e4d19b5c96512"
